Microsoft Visual Studio Solution File, Format Version 12.00
# Visual Studio Version 18
VisualStudioVersion = 18.0.11222.15 d18.0
MinimumVisualStudioVersion = 10.0.40219.1
Project("{FAE04EC0-301F-11D3-BF4B-00C04F79EFBC}") = "DeFi10.API", "backend\DeFi10.API\DeFi10.API.csproj", "{E9DC900C-0E8E-E455-3905-015F24A7579D}"
EndProject
Project("{FAE04EC0-301F-11D3-BF4B-00C04F79EFBC}") = "DeFi10.API.Tests", "backend\DeFi10.API.Tests\DeFi10.API.Tests.csproj", "{FCEB703D-1AF7-4E4B-801F-9D5DDAC131FB}"
EndProject
Global
	GlobalSection(SolutionConfigurationPlatforms) = preSolution
		Debug|Any CPU = Debug|Any CPU
		Debug|x64 = Debug|x64
		Debug|x86 = Debug|x86
		Release|Any CPU = Release|Any CPU
		Release|x64 = Release|x64
		Release|x86 = Release|x86
	EndGlobalSection
	GlobalSection(ProjectConfigurationPlatforms) = postSolution
		{E9DC900C-0E8E-E455-3905-015F24A7579D}.Debug|Any CPU.ActiveCfg = Debug|Any CPU
		{E9DC900C-0E8E-E455-3905-015F24A7579D}.Debug|Any CPU.Build.0 = Debug|Any CPU
		{E9DC900C-0E8E-E455-3905-015F24A7579D}.Debug|x64.ActiveCfg = Debug|Any CPU
		{E9DC900C-0E8E-E455-3905-015F24A7579D}.Debug|x64.Build.0 = Debug|Any CPU
		{E9DC900C-0E8E-E455-3905-015F24A7579D}.Debug|x86.ActiveCfg = Debug|Any CPU
		{E9DC900C-0E8E-E455-3905-015F24A7579D}.Debug|x86.Build.0 = Debug|Any CPU
		{E9DC900C-0E8E-E455-3905-015F24A7579D}.Release|Any CPU.ActiveCfg = Release|Any CPU
		{E9DC900C-0E8E-E455-3905-015F24A7579D}.Release|Any CPU.Build.0 = Release|Any CPU
		{E9DC900C-0E8E-E455-3905-015F24A7579D}.Release|x64.ActiveCfg = Release|Any CPU
		{E9DC900C-0E8E-E455-3905-015F24A7579D}.Release|x64.Build.0 = Release|Any CPU
		{E9DC900C-0E8E-E455-3905-015F24A7579D}.Release|x86.ActiveCfg = Release|Any CPU
		{E9DC900C-0E8E-E455-3905-015F24A7579D}.Release|x86.Build.0 = Release|Any CPU
		{FCEB703D-1AF7-4E4B-801F-9D5DDAC131FB}.Debug|Any CPU.ActiveCfg = Debug|Any CPU
		{FCEB703D-1AF7-4E4B-801F-9D5DDAC131FB}.Debug|Any CPU.Build.0 = Debug|Any CPU
		{FCEB703D-1AF7-4E4B-801F-9D5DDAC131FB}.Debug|x64.ActiveCfg = Debug|Any CPU
		{FCEB703D-1AF7-4E4B-801F-9D5DDAC131FB}.Debug|x64.Build.0 = Debug|Any CPU
		{FCEB703D-1AF7-4E4B-801F-9D5DDAC131FB}.Debug|x86.ActiveCfg = Debug|Any CPU
		{FCEB703D-1AF7-4E4B-801F-9D5DDAC131FB}.Debug|x86.Build.0 = Debug|Any CPU
		{FCEB703D-1AF7-4E4B-801F-9D5DDAC131FB}.Release|Any CPU.ActiveCfg = Release|Any CPU
		{FCEB703D-1AF7-4E4B-801F-9D5DDAC131FB}.Release|Any CPU.Build.0 = Release|Any CPU
		{FCEB703D-1AF7-4E4B-801F-9D5DDAC131FB}.Release|x64.ActiveCfg = Release|Any CPU
		{FCEB703D-1AF7-4E4B-801F-9D5DDAC131FB}.Release|x64.Build.0 = Release|Any CPU
		{FCEB703D-1AF7-4E4B-801F-9D5DDAC131FB}.Release|x86.ActiveCfg = Release|Any CPU
		{FCEB703D-1AF7-4E4B-801F-9D5DDAC131FB}.Release|x86.Build.0 = Release|Any CPU
	EndGlobalSection
	GlobalSection(SolutionProperties) = preSolution
		HideSolutionNode = FALSE
	EndGlobalSection
EndGlobal
