
Microsoft Visual Studio Solution File, Format Version 12.00
# Visual Studio Version 17
VisualStudioVersion = 17.5.2.0
MinimumVisualStudioVersion = 10.0.40219.1
Project("{FAE04EC0-301F-11D3-BF4B-00C04F79EFBC}") = "DeFi10.API", "DeFi10.API\DeFi10.API.csproj", "{21DE95FA-ABB2-D4F3-3E03-1DB505C5D200}"
EndProject
Project("{FAE04EC0-301F-11D3-BF4B-00C04F79EFBC}") = "DeFi10.API.Tests", "DeFi10.API.Tests\DeFi10.API.Tests.csproj", "{8A46D648-EDB8-BD08-9333-F300230D4A93}"
EndProject
Project("{FAE04EC0-301F-11D3-BF4B-00C04F79EFBC}") = "DeFi10.API.IntegrationTests", "DeFi10.API.IntegrationTests\DeFi10.API.IntegrationTests.csproj", "{9C212EF0-38C2-413C-8820-7803AC246A05}"
EndProject
Global
	GlobalSection(SolutionConfigurationPlatforms) = preSolution
		Debug|Any CPU = Debug|Any CPU
		Debug|x64 = Debug|x64
		Debug|x86 = Debug|x86
		Release|Any CPU = Release|Any CPU
		Release|x64 = Release|x64
		Release|x86 = Release|x86
	EndGlobalSection
	GlobalSection(ProjectConfigurationPlatforms) = postSolution
		{21DE95FA-ABB2-D4F3-3E03-1DB505C5D200}.Debug|Any CPU.ActiveCfg = Debug|Any CPU
		{21DE95FA-ABB2-D4F3-3E03-1DB505C5D200}.Debug|Any CPU.Build.0 = Debug|Any CPU
		{21DE95FA-ABB2-D4F3-3E03-1DB505C5D200}.Debug|x64.ActiveCfg = Debug|Any CPU
		{21DE95FA-ABB2-D4F3-3E03-1DB505C5D200}.Debug|x64.Build.0 = Debug|Any CPU
		{21DE95FA-ABB2-D4F3-3E03-1DB505C5D200}.Debug|x86.ActiveCfg = Debug|Any CPU
		{21DE95FA-ABB2-D4F3-3E03-1DB505C5D200}.Debug|x86.Build.0 = Debug|Any CPU
		{21DE95FA-ABB2-D4F3-3E03-1DB505C5D200}.Release|Any CPU.ActiveCfg = Release|Any CPU
		{21DE95FA-ABB2-D4F3-3E03-1DB505C5D200}.Release|Any CPU.Build.0 = Release|Any CPU
		{21DE95FA-ABB2-D4F3-3E03-1DB505C5D200}.Release|x64.ActiveCfg = Release|Any CPU
		{21DE95FA-ABB2-D4F3-3E03-1DB505C5D200}.Release|x64.Build.0 = Release|Any CPU
		{21DE95FA-ABB2-D4F3-3E03-1DB505C5D200}.Release|x86.ActiveCfg = Release|Any CPU
		{21DE95FA-ABB2-D4F3-3E03-1DB505C5D200}.Release|x86.Build.0 = Release|Any CPU
		{8A46D648-EDB8-BD08-9333-F300230D4A93}.Debug|Any CPU.ActiveCfg = Debug|Any CPU
		{8A46D648-EDB8-BD08-9333-F300230D4A93}.Debug|Any CPU.Build.0 = Debug|Any CPU
		{8A46D648-EDB8-BD08-9333-F300230D4A93}.Debug|x64.ActiveCfg = Debug|Any CPU
		{8A46D648-EDB8-BD08-9333-F300230D4A93}.Debug|x64.Build.0 = Debug|Any CPU
		{8A46D648-EDB8-BD08-9333-F300230D4A93}.Debug|x86.ActiveCfg = Debug|Any CPU
		{8A46D648-EDB8-BD08-9333-F300230D4A93}.Debug|x86.Build.0 = Debug|Any CPU
		{8A46D648-EDB8-BD08-9333-F300230D4A93}.Release|Any CPU.ActiveCfg = Release|Any CPU
		{8A46D648-EDB8-BD08-9333-F300230D4A93}.Release|Any CPU.Build.0 = Release|Any CPU
		{8A46D648-EDB8-BD08-9333-F300230D4A93}.Release|x64.ActiveCfg = Release|Any CPU
		{8A46D648-EDB8-BD08-9333-F300230D4A93}.Release|x64.Build.0 = Release|Any CPU
		{8A46D648-EDB8-BD08-9333-F300230D4A93}.Release|x86.ActiveCfg = Release|Any CPU
		{8A46D648-EDB8-BD08-9333-F300230D4A93}.Release|x86.Build.0 = Release|Any CPU
		{9C212EF0-38C2-413C-8820-7803AC246A05}.Debug|Any CPU.ActiveCfg = Debug|Any CPU
		{9C212EF0-38C2-413C-8820-7803AC246A05}.Debug|Any CPU.Build.0 = Debug|Any CPU
		{9C212EF0-38C2-413C-8820-7803AC246A05}.Debug|x64.ActiveCfg = Debug|Any CPU
		{9C212EF0-38C2-413C-8820-7803AC246A05}.Debug|x64.Build.0 = Debug|Any CPU
		{9C212EF0-38C2-413C-8820-7803AC246A05}.Debug|x86.ActiveCfg = Debug|Any CPU
		{9C212EF0-38C2-413C-8820-7803AC246A05}.Debug|x86.Build.0 = Debug|Any CPU
		{9C212EF0-38C2-413C-8820-7803AC246A05}.Release|Any CPU.ActiveCfg = Release|Any CPU
		{9C212EF0-38C2-413C-8820-7803AC246A05}.Release|Any CPU.Build.0 = Release|Any CPU
		{9C212EF0-38C2-413C-8820-7803AC246A05}.Release|x64.ActiveCfg = Release|Any CPU
		{9C212EF0-38C2-413C-8820-7803AC246A05}.Release|x64.Build.0 = Release|Any CPU
		{9C212EF0-38C2-413C-8820-7803AC246A05}.Release|x86.ActiveCfg = Release|Any CPU
		{9C212EF0-38C2-413C-8820-7803AC246A05}.Release|x86.Build.0 = Release|Any CPU
	EndGlobalSection
	GlobalSection(SolutionProperties) = preSolution
		HideSolutionNode = FALSE
	EndGlobalSection
	GlobalSection(ExtensibilityGlobals) = postSolution
		SolutionGuid = {D6F095D6-BED7-44BF-8E37-506347021BCA}
	EndGlobalSection
EndGlobal
